
Microsoft Visual Studio Solution File, Format Version 12.00
# Visual Studio Version 17
VisualStudioVersion = 17.2.32630.192
MinimumVisualStudioVersion = 10.0.40219.1
Project("{FAE04EC0-301F-11D3-BF4B-00C04F79EFBC}") = "GiraffeCalculator", "GiraffeCalculator.csproj", "{551C5AA6-59AB-4CC8-ABE2-21AF5F2883EE}"
EndProject
Global
	GlobalSection(SolutionConfigurationPlatforms) = preSolution
		Debug|Any CPU = Debug|Any CPU
		Release|Any CPU = Release|Any CPU
	EndGlobalSection
	GlobalSection(ProjectConfigurationPlatforms) = postSolution
		{551C5AA6-59AB-4CC8-ABE2-21AF5F2883EE}.Debug|Any CPU.ActiveCfg = Debug|Any CPU
		{551C5AA6-59AB-4CC8-ABE2-21AF5F2883EE}.Debug|Any CPU.Build.0 = Debug|Any CPU
		{551C5AA6-59AB-4CC8-ABE2-21AF5F2883EE}.Release|Any CPU.ActiveCfg = Release|Any CPU
		{551C5AA6-59AB-4CC8-ABE2-21AF5F2883EE}.Release|Any CPU.Build.0 = Release|Any CPU
	EndGlobalSection
	GlobalSection(SolutionProperties) = preSolution
		HideSolutionNode = FALSE
	EndGlobalSection
	GlobalSection(ExtensibilityGlobals) = postSolution
		SolutionGuid = {A74AB421-EAA3-4085-AE4A-589BD6664C8C}
	EndGlobalSection
EndGlobal
